
Microsoft Visual Studio Solution File, Format Version 12.00
# Visual Studio 15
VisualStudioVersion = 15.0.28307.572
MinimumVisualStudioVersion = 10.0.40219.1
Project("{FAE04EC0-301F-11D3-BF4B-00C04F79EFBC}") = "watcher4dos2unix", "watcher4dos2unix\watcher4dos2unix.csproj", "{258AC9C5-D5AD-4090-B5C3-2533B157781E}"
EndProject
Global
	GlobalSection(SolutionConfigurationPlatforms) = preSolution
		Debug|Any CPU = Debug|Any CPU
		Release|Any CPU = Release|Any CPU
	EndGlobalSection
	GlobalSection(ProjectConfigurationPlatforms) = postSolution
		{258AC9C5-D5AD-4090-B5C3-2533B157781E}.Debug|Any CPU.ActiveCfg = Debug|Any CPU
		{258AC9C5-D5AD-4090-B5C3-2533B157781E}.Debug|Any CPU.Build.0 = Debug|Any CPU
		{258AC9C5-D5AD-4090-B5C3-2533B157781E}.Release|Any CPU.ActiveCfg = Release|Any CPU
		{258AC9C5-D5AD-4090-B5C3-2533B157781E}.Release|Any CPU.Build.0 = Release|Any CPU
	EndGlobalSection
	GlobalSection(SolutionProperties) = preSolution
		HideSolutionNode = FALSE
	EndGlobalSection
	GlobalSection(ExtensibilityGlobals) = postSolution
		SolutionGuid = {C710DB0E-E691-4D56-9CE0-09A278FAF4F8}
	EndGlobalSection
EndGlobal
